# This file is automatically @generated by Poetry 1.4.2 and should not be changed by hand.

[[package]]
name = "chardet"
version = "5.1.0"
description = "Universal encoding detector for Python 3"
category = "main"
optional = false
python-versions = ">=3.7"
files = [
    {file = "chardet-5.1.0-py3-none-any.whl", hash = "sha256:362777fb014af596ad31334fde1e8c327dfdb076e1960d1694662d46a6917ab9"},
    {file = "chardet-5.1.0.tar.gz", hash = "sha256:0d62712b956bc154f85fb0a266e2a3c5913c2967e00348701b32411d6def31e5"},
]

[metadata]
lock-version = "2.0"
python-versions = "^3.7"
content-hash = "75c2f07b990b928f10c82c6116752444697d09642537f7a7c512497ba2f50d82"
